
Microsoft Visual Studio Solution File, Format Version 12.00
# Visual Studio 14
VisualStudioVersion = 14.0.25420.1
MinimumVisualStudioVersion = 10.0.40219.1
Project("{FAE04EC0-301F-11D3-BF4B-00C04F79EFBC}") = "Nissim.On.Command", "Nissim.On.Command\Nissim.On.Command.csproj", "{1328D35D-34A8-4699-8C8C-BB89E89AB30B}"
EndProject
Project("{FAE04EC0-301F-11D3-BF4B-00C04F79EFBC}") = "Nissim.On.Command.BL", "Nissim.On.Command.BL\Nissim.On.Command.BL.csproj", "{C9935D26-DAE8-45A8-B61D-886BA0CCEA42}"
EndProject
Project("{FAE04EC0-301F-11D3-BF4B-00C04F79EFBC}") = "Nissim.On.Command.Ifc", "Nissim.On.Command.Ifc\Nissim.On.Command.Ifc.csproj", "{B9828E2B-8030-4BED-A229-C785CC308810}"
EndProject
Global
	GlobalSection(SolutionConfigurationPlatforms) = preSolution
		Debug|Any CPU = Debug|Any CPU
		Release|Any CPU = Release|Any CPU
	EndGlobalSection
	GlobalSection(ProjectConfigurationPlatforms) = postSolution
		{1328D35D-34A8-4699-8C8C-BB89E89AB30B}.Debug|Any CPU.ActiveCfg = Debug|Any CPU
		{1328D35D-34A8-4699-8C8C-BB89E89AB30B}.Debug|Any CPU.Build.0 = Debug|Any CPU
		{1328D35D-34A8-4699-8C8C-BB89E89AB30B}.Release|Any CPU.ActiveCfg = Release|Any CPU
		{1328D35D-34A8-4699-8C8C-BB89E89AB30B}.Release|Any CPU.Build.0 = Release|Any CPU
		{C9935D26-DAE8-45A8-B61D-886BA0CCEA42}.Debug|Any CPU.ActiveCfg = Debug|Any CPU
		{C9935D26-DAE8-45A8-B61D-886BA0CCEA42}.Debug|Any CPU.Build.0 = Debug|Any CPU
		{C9935D26-DAE8-45A8-B61D-886BA0CCEA42}.Release|Any CPU.ActiveCfg = Release|Any CPU
		{C9935D26-DAE8-45A8-B61D-886BA0CCEA42}.Release|Any CPU.Build.0 = Release|Any CPU
		{B9828E2B-8030-4BED-A229-C785CC308810}.Debug|Any CPU.ActiveCfg = Debug|Any CPU
		{B9828E2B-8030-4BED-A229-C785CC308810}.Debug|Any CPU.Build.0 = Debug|Any CPU
		{B9828E2B-8030-4BED-A229-C785CC308810}.Release|Any CPU.ActiveCfg = Release|Any CPU
		{B9828E2B-8030-4BED-A229-C785CC308810}.Release|Any CPU.Build.0 = Release|Any CPU
	EndGlobalSection
	GlobalSection(SolutionProperties) = preSolution
		HideSolutionNode = FALSE
	EndGlobalSection
EndGlobal
